
Microsoft Visual Studio Solution File, Format Version 12.00
# Visual Studio 2012
Project("{FAE04EC0-301F-11D3-BF4B-00C04F79EFBC}") = "DGTLBackendMock", "DGTLBakcendMock\DGTLBackendMock.csproj", "{35790382-C70F-4956-9A49-0C6006A1D09F}"
EndProject
Project("{FAE04EC0-301F-11D3-BF4B-00C04F79EFBC}") = "DGTLBackendMock.Common", "DGTLBakcendMock.Common\DGTLBackendMock.Common.csproj", "{0E8A08A6-67B0-4883-B8EC-4F14B0CF966F}"
EndProject
Project("{FAE04EC0-301F-11D3-BF4B-00C04F79EFBC}") = "DGTLBackendMock.DataAccessLayer", "DGTLBakcendMock.DataAccessLayer\DGTLBackendMock.DataAccessLayer.csproj", "{F4F4CE7D-3E52-487A-8FD5-2DFABB127DB0}"
EndProject
Project("{2150E333-8FDC-42A3-9474-1A3956D46DE8}") = "Test", "Test", "{CF6604EE-C02E-4F11-B668-4D6CEBF0FC57}"
EndProject
Project("{FAE04EC0-301F-11D3-BF4B-00C04F79EFBC}") = "DGTLBackendMockClient", "DGTLBackendMockClient\DGTLBackendMockClient.csproj", "{DC2ABCBB-4C52-494A-98BA-F831B4190D0E}"
EndProject
Project("{FAE04EC0-301F-11D3-BF4B-00C04F79EFBC}") = "DGTLBackendAPIClient", "DGTLBackendAPIClient\DGTLBackendAPIClient.csproj", "{D5BD331A-6D29-4B04-969A-66F113B1C7F6}"
EndProject
Project("{2150E333-8FDC-42A3-9474-1A3956D46DE8}") = "POCs", "POCs", "{439D2ECF-5BF9-406D-8E23-AE80E22CE6F6}"
EndProject
Project("{FAE04EC0-301F-11D3-BF4B-00C04F79EFBC}") = "DGTLSecurityListPOC", "DGTLSecurityListPOC\DGTLSecurityListPOC.csproj", "{AC9CFBED-E4BA-437E-820F-D0E8F9D5743C}"
EndProject
Project("{FAE04EC0-301F-11D3-BF4B-00C04F79EFBC}") = "DGTLBackendMock.BusinessEntities", "DGTLBackendMock.BusinessEntities\DGTLBackendMock.BusinessEntities.csproj", "{6FB17190-B92F-42C4-B0B0-FB646007ED85}"
EndProject
Project("{FAE04EC0-301F-11D3-BF4B-00C04F79EFBC}") = "DGTLMarketaDataPOC", "DGTLMarketaDataPOC\DGTLMarketaDataPOC.csproj", "{62D93216-F1FC-489E-A35B-A4DF0AC1C2BB}"
EndProject
Project("{FAE04EC0-301F-11D3-BF4B-00C04F79EFBC}") = "DGTLOrderEntryPanelPOC", "DGTLOrderEntryPanelPOC\DGTLOrderEntryPanelPOC.csproj", "{6FD0E1D8-D208-4AFE-A60A-A21E2B4057F7}"
EndProject
Global
	GlobalSection(SolutionConfigurationPlatforms) = preSolution
		Debug|Any CPU = Debug|Any CPU
		Release|Any CPU = Release|Any CPU
	EndGlobalSection
	GlobalSection(ProjectConfigurationPlatforms) = postSolution
		{35790382-C70F-4956-9A49-0C6006A1D09F}.Debug|Any CPU.ActiveCfg = Debug|Any CPU
		{35790382-C70F-4956-9A49-0C6006A1D09F}.Debug|Any CPU.Build.0 = Debug|Any CPU
		{35790382-C70F-4956-9A49-0C6006A1D09F}.Release|Any CPU.ActiveCfg = Release|Any CPU
		{35790382-C70F-4956-9A49-0C6006A1D09F}.Release|Any CPU.Build.0 = Release|Any CPU
		{0E8A08A6-67B0-4883-B8EC-4F14B0CF966F}.Debug|Any CPU.ActiveCfg = Debug|Any CPU
		{0E8A08A6-67B0-4883-B8EC-4F14B0CF966F}.Debug|Any CPU.Build.0 = Debug|Any CPU
		{0E8A08A6-67B0-4883-B8EC-4F14B0CF966F}.Release|Any CPU.ActiveCfg = Release|Any CPU
		{0E8A08A6-67B0-4883-B8EC-4F14B0CF966F}.Release|Any CPU.Build.0 = Release|Any CPU
		{F4F4CE7D-3E52-487A-8FD5-2DFABB127DB0}.Debug|Any CPU.ActiveCfg = Debug|Any CPU
		{F4F4CE7D-3E52-487A-8FD5-2DFABB127DB0}.Debug|Any CPU.Build.0 = Debug|Any CPU
		{F4F4CE7D-3E52-487A-8FD5-2DFABB127DB0}.Release|Any CPU.ActiveCfg = Release|Any CPU
		{F4F4CE7D-3E52-487A-8FD5-2DFABB127DB0}.Release|Any CPU.Build.0 = Release|Any CPU
		{DC2ABCBB-4C52-494A-98BA-F831B4190D0E}.Debug|Any CPU.ActiveCfg = Debug|Any CPU
		{DC2ABCBB-4C52-494A-98BA-F831B4190D0E}.Debug|Any CPU.Build.0 = Debug|Any CPU
		{DC2ABCBB-4C52-494A-98BA-F831B4190D0E}.Release|Any CPU.ActiveCfg = Release|Any CPU
		{DC2ABCBB-4C52-494A-98BA-F831B4190D0E}.Release|Any CPU.Build.0 = Release|Any CPU
		{D5BD331A-6D29-4B04-969A-66F113B1C7F6}.Debug|Any CPU.ActiveCfg = Debug|Any CPU
		{D5BD331A-6D29-4B04-969A-66F113B1C7F6}.Debug|Any CPU.Build.0 = Debug|Any CPU
		{D5BD331A-6D29-4B04-969A-66F113B1C7F6}.Release|Any CPU.ActiveCfg = Release|Any CPU
		{D5BD331A-6D29-4B04-969A-66F113B1C7F6}.Release|Any CPU.Build.0 = Release|Any CPU
		{AC9CFBED-E4BA-437E-820F-D0E8F9D5743C}.Debug|Any CPU.ActiveCfg = Debug|Any CPU
		{AC9CFBED-E4BA-437E-820F-D0E8F9D5743C}.Debug|Any CPU.Build.0 = Debug|Any CPU
		{AC9CFBED-E4BA-437E-820F-D0E8F9D5743C}.Release|Any CPU.ActiveCfg = Release|Any CPU
		{AC9CFBED-E4BA-437E-820F-D0E8F9D5743C}.Release|Any CPU.Build.0 = Release|Any CPU
		{6FB17190-B92F-42C4-B0B0-FB646007ED85}.Debug|Any CPU.ActiveCfg = Debug|Any CPU
		{6FB17190-B92F-42C4-B0B0-FB646007ED85}.Debug|Any CPU.Build.0 = Debug|Any CPU
		{6FB17190-B92F-42C4-B0B0-FB646007ED85}.Release|Any CPU.ActiveCfg = Release|Any CPU
		{6FB17190-B92F-42C4-B0B0-FB646007ED85}.Release|Any CPU.Build.0 = Release|Any CPU
		{62D93216-F1FC-489E-A35B-A4DF0AC1C2BB}.Debug|Any CPU.ActiveCfg = Debug|Any CPU
		{62D93216-F1FC-489E-A35B-A4DF0AC1C2BB}.Debug|Any CPU.Build.0 = Debug|Any CPU
		{62D93216-F1FC-489E-A35B-A4DF0AC1C2BB}.Release|Any CPU.ActiveCfg = Release|Any CPU
		{62D93216-F1FC-489E-A35B-A4DF0AC1C2BB}.Release|Any CPU.Build.0 = Release|Any CPU
		{6FD0E1D8-D208-4AFE-A60A-A21E2B4057F7}.Debug|Any CPU.ActiveCfg = Debug|Any CPU
		{6FD0E1D8-D208-4AFE-A60A-A21E2B4057F7}.Debug|Any CPU.Build.0 = Debug|Any CPU
		{6FD0E1D8-D208-4AFE-A60A-A21E2B4057F7}.Release|Any CPU.ActiveCfg = Release|Any CPU
		{6FD0E1D8-D208-4AFE-A60A-A21E2B4057F7}.Release|Any CPU.Build.0 = Release|Any CPU
	EndGlobalSection
	GlobalSection(SolutionProperties) = preSolution
		HideSolutionNode = FALSE
	EndGlobalSection
	GlobalSection(NestedProjects) = preSolution
		{DC2ABCBB-4C52-494A-98BA-F831B4190D0E} = {CF6604EE-C02E-4F11-B668-4D6CEBF0FC57}
		{D5BD331A-6D29-4B04-969A-66F113B1C7F6} = {CF6604EE-C02E-4F11-B668-4D6CEBF0FC57}
		{AC9CFBED-E4BA-437E-820F-D0E8F9D5743C} = {439D2ECF-5BF9-406D-8E23-AE80E22CE6F6}
		{62D93216-F1FC-489E-A35B-A4DF0AC1C2BB} = {439D2ECF-5BF9-406D-8E23-AE80E22CE6F6}
		{6FD0E1D8-D208-4AFE-A60A-A21E2B4057F7} = {439D2ECF-5BF9-406D-8E23-AE80E22CE6F6}
	EndGlobalSection
EndGlobal
