
Microsoft Visual Studio Solution File, Format Version 12.00
# Visual Studio 2012
Project("{FAE04EC0-301F-11D3-BF4B-00C04F79EFBC}") = "DGTLBackendMock", "DGTLBakcendMock\DGTLBackendMock.csproj", "{35790382-C70F-4956-9A49-0C6006A1D09F}"
EndProject
Project("{FAE04EC0-301F-11D3-BF4B-00C04F79EFBC}") = "DGTLBackendMock.Common", "DGTLBakcendMock.Common\DGTLBackendMock.Common.csproj", "{0E8A08A6-67B0-4883-B8EC-4F14B0CF966F}"
EndProject
Project("{FAE04EC0-301F-11D3-BF4B-00C04F79EFBC}") = "DGTLBackendMock.DataAccessLayer", "DGTLBakcendMock.DataAccessLayer\DGTLBackendMock.DataAccessLayer.csproj", "{F4F4CE7D-3E52-487A-8FD5-2DFABB127DB0}"
EndProject
Project("{2150E333-8FDC-42A3-9474-1A3956D46DE8}") = "Test", "Test", "{CF6604EE-C02E-4F11-B668-4D6CEBF0FC57}"
EndProject
Project("{FAE04EC0-301F-11D3-BF4B-00C04F79EFBC}") = "DGTLBackendMockClient", "DGTLBackendMockClient\DGTLBackendMockClient.csproj", "{DC2ABCBB-4C52-494A-98BA-F831B4190D0E}"
EndProject
Project("{FAE04EC0-301F-11D3-BF4B-00C04F79EFBC}") = "DGTLBackendAPIClient", "DGTLBackendAPIClient\DGTLBackendAPIClient.csproj", "{D5BD331A-6D29-4B04-969A-66F113B1C7F6}"
EndProject
Project("{2150E333-8FDC-42A3-9474-1A3956D46DE8}") = "POCs", "POCs", "{439D2ECF-5BF9-406D-8E23-AE80E22CE6F6}"
EndProject
Project("{FAE04EC0-301F-11D3-BF4B-00C04F79EFBC}") = "DGTLSecurityListPOC", "DGTLSecurityListPOC\DGTLSecurityListPOC.csproj", "{AC9CFBED-E4BA-437E-820F-D0E8F9D5743C}"
EndProject
Project("{FAE04EC0-301F-11D3-BF4B-00C04F79EFBC}") = "DGTLBackendMock.BusinessEntities", "DGTLBackendMock.BusinessEntities\DGTLBackendMock.BusinessEntities.csproj", "{6FB17190-B92F-42C4-B0B0-FB646007ED85}"
EndProject
Project("{FAE04EC0-301F-11D3-BF4B-00C04F79EFBC}") = "DGTLMarketaDataPOC", "DGTLMarketaDataPOC\DGTLMarketaDataPOC.csproj", "{62D93216-F1FC-489E-A35B-A4DF0AC1C2BB}"
EndProject
Project("{FAE04EC0-301F-11D3-BF4B-00C04F79EFBC}") = "DGTLOrderEntryPanelPOC", "DGTLOrderEntryPanelPOC\DGTLOrderEntryPanelPOC.csproj", "{6FD0E1D8-D208-4AFE-A60A-A21E2B4057F7}"
EndProject
Project("{FAE04EC0-301F-11D3-BF4B-00C04F79EFBC}") = "DGTLOrderBookPOC", "DGTLOrderBookPOC\DGTLOrderBookPOC.csproj", "{5D06BFCD-D6E9-4118-8756-14DCC78F116E}"
EndProject
Project("{2150E333-8FDC-42A3-9474-1A3956D46DE8}") = "Fwk", "Fwk", "{FEAB632D-DB23-4941-BB35-2EDE5C52AE8E}"
EndProject
Project("{FAE04EC0-301F-11D3-BF4B-00C04F79EFBC}") = "zHFT.Main.BusinessEntities", "Fwk\zHFT.Main.BusinessEntities\zHFT.Main.BusinessEntities.csproj", "{97F7F85D-864C-44ED-8901-547F2F693427}"
EndProject
Project("{FAE04EC0-301F-11D3-BF4B-00C04F79EFBC}") = "zHFT.Main.Common", "Fwk\zHFT.Main.Common\zHFT.Main.Common.csproj", "{4A57ED3B-774D-4344-B091-3328838F57F5}"
EndProject
Project("{2150E333-8FDC-42A3-9474-1A3956D46DE8}") = "Market Data Clients", "Market Data Clients", "{FB5C1C79-FCB3-430C-95D6-3C1BC38127B0}"
EndProject
Project("{FAE04EC0-301F-11D3-BF4B-00C04F79EFBC}") = "zHFT.InstructionBasedMarketClient.BitMex", "Market Data Clients\zHFT.InstructionBasedMarketClient.BitMex\zHFT.InstructionBasedMarketClient.BitMex.csproj", "{572A78CD-F121-4DED-9153-4C1112838FEC}"
EndProject
Project("{FAE04EC0-301F-11D3-BF4B-00C04F79EFBC}") = "zHFT.InstructionBasedMarketClient.BitMex.BE", "Market Data Clients\zHFT.InstructionBasedMarketClient.BitMex.BE\zHFT.InstructionBasedMarketClient.BitMex.BE.csproj", "{D5D3614F-61B7-4DB2-8341-9DBE9989DAAD}"
EndProject
Project("{FAE04EC0-301F-11D3-BF4B-00C04F79EFBC}") = "zHFT.InstructionBasedMarketClient.BitMex.Common", "Market Data Clients\zHFT.InstructionBasedMarketClient.BitMex.Common\zHFT.InstructionBasedMarketClient.BitMex.Common.csproj", "{ABF1031A-8524-4B4B-959C-6C493610E13C}"
EndProject
Project("{FAE04EC0-301F-11D3-BF4B-00C04F79EFBC}") = "zHFT.InstructionBasedMarketClient.BitMex.DAL", "Market Data Clients\zHFT.InstructionBasedMarketClient.BitMex.DAL\zHFT.InstructionBasedMarketClient.BitMex.DAL.csproj", "{8D165156-834D-4811-B24A-26BB0E41D982}"
EndProject
Project("{FAE04EC0-301F-11D3-BF4B-00C04F79EFBC}") = "zHFT.InstructionBasedMarketClient.BitMex.Logic", "Market Data Clients\zHFT.InstructionBasedMarketClient.BitMex.Logic\zHFT.InstructionBasedMarketClient.BitMex.Logic.csproj", "{6853FB4E-9D93-41F0-A4CD-335FE752E1D5}"
EndProject
Project("{2150E333-8FDC-42A3-9474-1A3956D46DE8}") = "BitMex", "BitMex", "{AF77FE39-77E8-4E6C-93D1-2B84A6BB1B62}"
EndProject
Project("{2150E333-8FDC-42A3-9474-1A3956D46DE8}") = "Full Market Connectivity", "Full Market Connectivity", "{415BEFDC-2C4E-41A4-A48D-FEFB9830EA56}"
EndProject
Project("{FAE04EC0-301F-11D3-BF4B-00C04F79EFBC}") = "zHFT.FullMrktConnectivity.BitMex.Common", "Full Market Connectivity\zHFT.FullMrktConnectivity.BitMex.Common\zHFT.FullMrktConnectivity.BitMex.Common.csproj", "{DC6A2B2D-22CF-4A48-8EA1-B52487BB2A60}"
EndProject
Project("{FAE04EC0-301F-11D3-BF4B-00C04F79EFBC}") = "zHFT.FullMrktConnectivity.BitMex.DAL", "Full Market Connectivity\zHFT.FullMrktConnectivity.BitMex.DAL\zHFT.FullMrktConnectivity.BitMex.DAL.csproj", "{AD6D9D6E-0E3B-46B7-86E3-65A62D751448}"
EndProject
Project("{FAE04EC0-301F-11D3-BF4B-00C04F79EFBC}") = "zHFT.MarketClient.Common", "Market Data Clients\zHFT.MarketClient.Common\zHFT.MarketClient.Common.csproj", "{43A49A1C-0367-4000-A144-FF3CDC6B198A}"
EndProject
Project("{FAE04EC0-301F-11D3-BF4B-00C04F79EFBC}") = "zHFT.InstructionBasedMarketClient.BusinessEntities", "Market Data Clients\zHFT.InstructionBasedMarketClient.BusinessEntities\zHFT.InstructionBasedMarketClient.BusinessEntities.csproj", "{38D7AA3E-B1A2-4678-8725-E9C13B15553F}"
EndProject
Project("{FAE04EC0-301F-11D3-BF4B-00C04F79EFBC}") = "zHFT.InstructionBasedMarketClient.Common", "Market Data Clients\zHFT.InstructionBasedMarketClient.Common\zHFT.InstructionBasedMarketClient.Common.csproj", "{2B6248B2-AF75-4687-9FAF-F9EA29D9335F}"
EndProject
Project("{FAE04EC0-301F-11D3-BF4B-00C04F79EFBC}") = "zHFT.InstructionBasedMarketClient.Cryptos", "Market Data Clients\zHFT.InstructionBasedMarketClient.Cryptos\zHFT.InstructionBasedMarketClient.Cryptos.csproj", "{6F6B09B8-01F9-48BF-85C5-AF34498FB070}"
EndProject
Project("{FAE04EC0-301F-11D3-BF4B-00C04F79EFBC}") = "zHFT.InstructionBasedMarketClient.Cryptos.DataAccess", "Market Data Clients\zHFT.InstructionBasedMarketClient.Cryptos.DataAccess\zHFT.InstructionBasedMarketClient.Cryptos.DataAccess.csproj", "{0413D6E3-0307-437E-AF8F-AEF6F8F92057}"
EndProject
Project("{FAE04EC0-301F-11D3-BF4B-00C04F79EFBC}") = "zHFT.InstructionBasedMarketClient.Cryptos.DataAccessLayer", "Market Data Clients\zHFT.InstructionBasedMarketClient.Cryptos.DataAccessLayer\zHFT.InstructionBasedMarketClient.Cryptos.DataAccessLayer.csproj", "{2D4A56CB-B881-4189-B360-DB0B2AB27C9F}"
EndProject
Project("{FAE04EC0-301F-11D3-BF4B-00C04F79EFBC}") = "DGTLOrderRoutingPOC", "DGTLOrderRoutingPOC\DGTLOrderRoutingPOC.csproj", "{7E9B4E27-D563-45FE-83DE-D8F2C1F8F404}"
EndProject
Project("{2150E333-8FDC-42A3-9474-1A3956D46DE8}") = "Order Router", "Order Router", "{75E642DC-F3F0-45D0-8A9E-7F3A91BDD7CB}"
EndProject
Project("{2150E333-8FDC-42A3-9474-1A3956D46DE8}") = "BitMex", "BitMex", "{B905FCD0-2E3E-4B1D-9D01-CC4FB0962DE7}"
EndProject
Project("{FAE04EC0-301F-11D3-BF4B-00C04F79EFBC}") = "zHFT.OrderRouters.Bitmex", "OrderRouters\zHFT.OrderRouters.Bitmex\zHFT.OrderRouters.Bitmex.csproj", "{30B3A6EC-DAB1-42FD-8C65-7C0C8EBDD223}"
EndProject
Project("{FAE04EC0-301F-11D3-BF4B-00C04F79EFBC}") = "zHFT.OrderRouters.Bitmex.BusinessEntities", "OrderRouters\zHFT.OrderRouters.Bitmex.BusinessEntities\zHFT.OrderRouters.Bitmex.BusinessEntities.csproj", "{D4A1F767-CCDA-428D-98CA-482E9E70B6E8}"
EndProject
Project("{FAE04EC0-301F-11D3-BF4B-00C04F79EFBC}") = "zHFT.OrderRouters.Bitmex.Common", "OrderRouters\zHFT.OrderRouters.Bitmex.Common\zHFT.OrderRouters.Bitmex.Common.csproj", "{514D48AF-5559-46F8-980A-D25EE5248FEF}"
EndProject
Project("{FAE04EC0-301F-11D3-BF4B-00C04F79EFBC}") = "zHFT.OrderRouters.Bitmex.DataAccessLayer", "OrderRouters\zHFT.OrderRouters.Bitmex.DataAccessLayer\zHFT.OrderRouters.Bitmex.DataAccessLayer.csproj", "{5AFCB626-7529-4CDE-AEE7-6813B6C3B911}"
EndProject
Project("{FAE04EC0-301F-11D3-BF4B-00C04F79EFBC}") = "zHFT.OrderRouters.Common", "OrderRouters\zHFT.OrderRouters.Common\zHFT.OrderRouters.Common.csproj", "{2DC0EC9C-69BE-4DCE-BCAC-9774B83DEFD9}"
EndProject
Project("{FAE04EC0-301F-11D3-BF4B-00C04F79EFBC}") = "zHFT.OrderRouters.Cryptos", "OrderRouters\zHFT.OrderRouters.Cryptos\zHFT.OrderRouters.Cryptos.csproj", "{151B37B7-7E1C-4BC5-B530-D0A66A13A3F7}"
EndProject
Project("{FAE04EC0-301F-11D3-BF4B-00C04F79EFBC}") = "zHFT.StrategyHandler.Common", "OrderRouters\zHFT.StrategyHandler.Common\zHFT.StrategyHandler.Common.csproj", "{453E183D-9557-4A96-AD08-D2AD0DB68765}"
EndProject
Global
	GlobalSection(SolutionConfigurationPlatforms) = preSolution
		Debug|Any CPU = Debug|Any CPU
		Release|Any CPU = Release|Any CPU
	EndGlobalSection
	GlobalSection(ProjectConfigurationPlatforms) = postSolution
		{35790382-C70F-4956-9A49-0C6006A1D09F}.Debug|Any CPU.ActiveCfg = Debug|Any CPU
		{35790382-C70F-4956-9A49-0C6006A1D09F}.Debug|Any CPU.Build.0 = Debug|Any CPU
		{35790382-C70F-4956-9A49-0C6006A1D09F}.Release|Any CPU.ActiveCfg = Release|Any CPU
		{35790382-C70F-4956-9A49-0C6006A1D09F}.Release|Any CPU.Build.0 = Release|Any CPU
		{0E8A08A6-67B0-4883-B8EC-4F14B0CF966F}.Debug|Any CPU.ActiveCfg = Debug|Any CPU
		{0E8A08A6-67B0-4883-B8EC-4F14B0CF966F}.Debug|Any CPU.Build.0 = Debug|Any CPU
		{0E8A08A6-67B0-4883-B8EC-4F14B0CF966F}.Release|Any CPU.ActiveCfg = Release|Any CPU
		{0E8A08A6-67B0-4883-B8EC-4F14B0CF966F}.Release|Any CPU.Build.0 = Release|Any CPU
		{F4F4CE7D-3E52-487A-8FD5-2DFABB127DB0}.Debug|Any CPU.ActiveCfg = Debug|Any CPU
		{F4F4CE7D-3E52-487A-8FD5-2DFABB127DB0}.Debug|Any CPU.Build.0 = Debug|Any CPU
		{F4F4CE7D-3E52-487A-8FD5-2DFABB127DB0}.Release|Any CPU.ActiveCfg = Release|Any CPU
		{F4F4CE7D-3E52-487A-8FD5-2DFABB127DB0}.Release|Any CPU.Build.0 = Release|Any CPU
		{DC2ABCBB-4C52-494A-98BA-F831B4190D0E}.Debug|Any CPU.ActiveCfg = Debug|Any CPU
		{DC2ABCBB-4C52-494A-98BA-F831B4190D0E}.Debug|Any CPU.Build.0 = Debug|Any CPU
		{DC2ABCBB-4C52-494A-98BA-F831B4190D0E}.Release|Any CPU.ActiveCfg = Release|Any CPU
		{DC2ABCBB-4C52-494A-98BA-F831B4190D0E}.Release|Any CPU.Build.0 = Release|Any CPU
		{D5BD331A-6D29-4B04-969A-66F113B1C7F6}.Debug|Any CPU.ActiveCfg = Debug|Any CPU
		{D5BD331A-6D29-4B04-969A-66F113B1C7F6}.Debug|Any CPU.Build.0 = Debug|Any CPU
		{D5BD331A-6D29-4B04-969A-66F113B1C7F6}.Release|Any CPU.ActiveCfg = Release|Any CPU
		{D5BD331A-6D29-4B04-969A-66F113B1C7F6}.Release|Any CPU.Build.0 = Release|Any CPU
		{AC9CFBED-E4BA-437E-820F-D0E8F9D5743C}.Debug|Any CPU.ActiveCfg = Debug|Any CPU
		{AC9CFBED-E4BA-437E-820F-D0E8F9D5743C}.Debug|Any CPU.Build.0 = Debug|Any CPU
		{AC9CFBED-E4BA-437E-820F-D0E8F9D5743C}.Release|Any CPU.ActiveCfg = Release|Any CPU
		{AC9CFBED-E4BA-437E-820F-D0E8F9D5743C}.Release|Any CPU.Build.0 = Release|Any CPU
		{6FB17190-B92F-42C4-B0B0-FB646007ED85}.Debug|Any CPU.ActiveCfg = Debug|Any CPU
		{6FB17190-B92F-42C4-B0B0-FB646007ED85}.Debug|Any CPU.Build.0 = Debug|Any CPU
		{6FB17190-B92F-42C4-B0B0-FB646007ED85}.Release|Any CPU.ActiveCfg = Release|Any CPU
		{6FB17190-B92F-42C4-B0B0-FB646007ED85}.Release|Any CPU.Build.0 = Release|Any CPU
		{62D93216-F1FC-489E-A35B-A4DF0AC1C2BB}.Debug|Any CPU.ActiveCfg = Debug|Any CPU
		{62D93216-F1FC-489E-A35B-A4DF0AC1C2BB}.Debug|Any CPU.Build.0 = Debug|Any CPU
		{62D93216-F1FC-489E-A35B-A4DF0AC1C2BB}.Release|Any CPU.ActiveCfg = Release|Any CPU
		{62D93216-F1FC-489E-A35B-A4DF0AC1C2BB}.Release|Any CPU.Build.0 = Release|Any CPU
		{6FD0E1D8-D208-4AFE-A60A-A21E2B4057F7}.Debug|Any CPU.ActiveCfg = Debug|Any CPU
		{6FD0E1D8-D208-4AFE-A60A-A21E2B4057F7}.Debug|Any CPU.Build.0 = Debug|Any CPU
		{6FD0E1D8-D208-4AFE-A60A-A21E2B4057F7}.Release|Any CPU.ActiveCfg = Release|Any CPU
		{6FD0E1D8-D208-4AFE-A60A-A21E2B4057F7}.Release|Any CPU.Build.0 = Release|Any CPU
		{5D06BFCD-D6E9-4118-8756-14DCC78F116E}.Debug|Any CPU.ActiveCfg = Debug|Any CPU
		{5D06BFCD-D6E9-4118-8756-14DCC78F116E}.Debug|Any CPU.Build.0 = Debug|Any CPU
		{5D06BFCD-D6E9-4118-8756-14DCC78F116E}.Release|Any CPU.ActiveCfg = Release|Any CPU
		{5D06BFCD-D6E9-4118-8756-14DCC78F116E}.Release|Any CPU.Build.0 = Release|Any CPU
		{97F7F85D-864C-44ED-8901-547F2F693427}.Debug|Any CPU.ActiveCfg = Debug|Any CPU
		{97F7F85D-864C-44ED-8901-547F2F693427}.Debug|Any CPU.Build.0 = Debug|Any CPU
		{97F7F85D-864C-44ED-8901-547F2F693427}.Release|Any CPU.ActiveCfg = Release|Any CPU
		{97F7F85D-864C-44ED-8901-547F2F693427}.Release|Any CPU.Build.0 = Release|Any CPU
		{4A57ED3B-774D-4344-B091-3328838F57F5}.Debug|Any CPU.ActiveCfg = Debug|Any CPU
		{4A57ED3B-774D-4344-B091-3328838F57F5}.Debug|Any CPU.Build.0 = Debug|Any CPU
		{4A57ED3B-774D-4344-B091-3328838F57F5}.Release|Any CPU.ActiveCfg = Release|Any CPU
		{4A57ED3B-774D-4344-B091-3328838F57F5}.Release|Any CPU.Build.0 = Release|Any CPU
		{572A78CD-F121-4DED-9153-4C1112838FEC}.Debug|Any CPU.ActiveCfg = Debug|Any CPU
		{572A78CD-F121-4DED-9153-4C1112838FEC}.Debug|Any CPU.Build.0 = Debug|Any CPU
		{572A78CD-F121-4DED-9153-4C1112838FEC}.Release|Any CPU.ActiveCfg = Release|Any CPU
		{572A78CD-F121-4DED-9153-4C1112838FEC}.Release|Any CPU.Build.0 = Release|Any CPU
		{D5D3614F-61B7-4DB2-8341-9DBE9989DAAD}.Debug|Any CPU.ActiveCfg = Debug|Any CPU
		{D5D3614F-61B7-4DB2-8341-9DBE9989DAAD}.Debug|Any CPU.Build.0 = Debug|Any CPU
		{D5D3614F-61B7-4DB2-8341-9DBE9989DAAD}.Release|Any CPU.ActiveCfg = Release|Any CPU
		{D5D3614F-61B7-4DB2-8341-9DBE9989DAAD}.Release|Any CPU.Build.0 = Release|Any CPU
		{ABF1031A-8524-4B4B-959C-6C493610E13C}.Debug|Any CPU.ActiveCfg = Debug|Any CPU
		{ABF1031A-8524-4B4B-959C-6C493610E13C}.Debug|Any CPU.Build.0 = Debug|Any CPU
		{ABF1031A-8524-4B4B-959C-6C493610E13C}.Release|Any CPU.ActiveCfg = Release|Any CPU
		{ABF1031A-8524-4B4B-959C-6C493610E13C}.Release|Any CPU.Build.0 = Release|Any CPU
		{8D165156-834D-4811-B24A-26BB0E41D982}.Debug|Any CPU.ActiveCfg = Debug|Any CPU
		{8D165156-834D-4811-B24A-26BB0E41D982}.Debug|Any CPU.Build.0 = Debug|Any CPU
		{8D165156-834D-4811-B24A-26BB0E41D982}.Release|Any CPU.ActiveCfg = Release|Any CPU
		{8D165156-834D-4811-B24A-26BB0E41D982}.Release|Any CPU.Build.0 = Release|Any CPU
		{6853FB4E-9D93-41F0-A4CD-335FE752E1D5}.Debug|Any CPU.ActiveCfg = Debug|Any CPU
		{6853FB4E-9D93-41F0-A4CD-335FE752E1D5}.Debug|Any CPU.Build.0 = Debug|Any CPU
		{6853FB4E-9D93-41F0-A4CD-335FE752E1D5}.Release|Any CPU.ActiveCfg = Release|Any CPU
		{6853FB4E-9D93-41F0-A4CD-335FE752E1D5}.Release|Any CPU.Build.0 = Release|Any CPU
		{DC6A2B2D-22CF-4A48-8EA1-B52487BB2A60}.Debug|Any CPU.ActiveCfg = Debug|Any CPU
		{DC6A2B2D-22CF-4A48-8EA1-B52487BB2A60}.Debug|Any CPU.Build.0 = Debug|Any CPU
		{DC6A2B2D-22CF-4A48-8EA1-B52487BB2A60}.Release|Any CPU.ActiveCfg = Release|Any CPU
		{DC6A2B2D-22CF-4A48-8EA1-B52487BB2A60}.Release|Any CPU.Build.0 = Release|Any CPU
		{AD6D9D6E-0E3B-46B7-86E3-65A62D751448}.Debug|Any CPU.ActiveCfg = Debug|Any CPU
		{AD6D9D6E-0E3B-46B7-86E3-65A62D751448}.Debug|Any CPU.Build.0 = Debug|Any CPU
		{AD6D9D6E-0E3B-46B7-86E3-65A62D751448}.Release|Any CPU.ActiveCfg = Release|Any CPU
		{AD6D9D6E-0E3B-46B7-86E3-65A62D751448}.Release|Any CPU.Build.0 = Release|Any CPU
		{43A49A1C-0367-4000-A144-FF3CDC6B198A}.Debug|Any CPU.ActiveCfg = Debug|Any CPU
		{43A49A1C-0367-4000-A144-FF3CDC6B198A}.Debug|Any CPU.Build.0 = Debug|Any CPU
		{43A49A1C-0367-4000-A144-FF3CDC6B198A}.Release|Any CPU.ActiveCfg = Release|Any CPU
		{43A49A1C-0367-4000-A144-FF3CDC6B198A}.Release|Any CPU.Build.0 = Release|Any CPU
		{38D7AA3E-B1A2-4678-8725-E9C13B15553F}.Debug|Any CPU.ActiveCfg = Debug|Any CPU
		{38D7AA3E-B1A2-4678-8725-E9C13B15553F}.Debug|Any CPU.Build.0 = Debug|Any CPU
		{38D7AA3E-B1A2-4678-8725-E9C13B15553F}.Release|Any CPU.ActiveCfg = Release|Any CPU
		{38D7AA3E-B1A2-4678-8725-E9C13B15553F}.Release|Any CPU.Build.0 = Release|Any CPU
		{2B6248B2-AF75-4687-9FAF-F9EA29D9335F}.Debug|Any CPU.ActiveCfg = Debug|Any CPU
		{2B6248B2-AF75-4687-9FAF-F9EA29D9335F}.Debug|Any CPU.Build.0 = Debug|Any CPU
		{2B6248B2-AF75-4687-9FAF-F9EA29D9335F}.Release|Any CPU.ActiveCfg = Release|Any CPU
		{2B6248B2-AF75-4687-9FAF-F9EA29D9335F}.Release|Any CPU.Build.0 = Release|Any CPU
		{6F6B09B8-01F9-48BF-85C5-AF34498FB070}.Debug|Any CPU.ActiveCfg = Debug|Any CPU
		{6F6B09B8-01F9-48BF-85C5-AF34498FB070}.Debug|Any CPU.Build.0 = Debug|Any CPU
		{6F6B09B8-01F9-48BF-85C5-AF34498FB070}.Release|Any CPU.ActiveCfg = Release|Any CPU
		{6F6B09B8-01F9-48BF-85C5-AF34498FB070}.Release|Any CPU.Build.0 = Release|Any CPU
		{0413D6E3-0307-437E-AF8F-AEF6F8F92057}.Debug|Any CPU.ActiveCfg = Debug|Any CPU
		{0413D6E3-0307-437E-AF8F-AEF6F8F92057}.Debug|Any CPU.Build.0 = Debug|Any CPU
		{0413D6E3-0307-437E-AF8F-AEF6F8F92057}.Release|Any CPU.ActiveCfg = Release|Any CPU
		{0413D6E3-0307-437E-AF8F-AEF6F8F92057}.Release|Any CPU.Build.0 = Release|Any CPU
		{2D4A56CB-B881-4189-B360-DB0B2AB27C9F}.Debug|Any CPU.ActiveCfg = Debug|Any CPU
		{2D4A56CB-B881-4189-B360-DB0B2AB27C9F}.Debug|Any CPU.Build.0 = Debug|Any CPU
		{2D4A56CB-B881-4189-B360-DB0B2AB27C9F}.Release|Any CPU.ActiveCfg = Release|Any CPU
		{2D4A56CB-B881-4189-B360-DB0B2AB27C9F}.Release|Any CPU.Build.0 = Release|Any CPU
		{7E9B4E27-D563-45FE-83DE-D8F2C1F8F404}.Debug|Any CPU.ActiveCfg = Debug|Any CPU
		{7E9B4E27-D563-45FE-83DE-D8F2C1F8F404}.Debug|Any CPU.Build.0 = Debug|Any CPU
		{7E9B4E27-D563-45FE-83DE-D8F2C1F8F404}.Release|Any CPU.ActiveCfg = Release|Any CPU
		{7E9B4E27-D563-45FE-83DE-D8F2C1F8F404}.Release|Any CPU.Build.0 = Release|Any CPU
		{30B3A6EC-DAB1-42FD-8C65-7C0C8EBDD223}.Debug|Any CPU.ActiveCfg = Debug|Any CPU
		{30B3A6EC-DAB1-42FD-8C65-7C0C8EBDD223}.Debug|Any CPU.Build.0 = Debug|Any CPU
		{30B3A6EC-DAB1-42FD-8C65-7C0C8EBDD223}.Release|Any CPU.ActiveCfg = Release|Any CPU
		{30B3A6EC-DAB1-42FD-8C65-7C0C8EBDD223}.Release|Any CPU.Build.0 = Release|Any CPU
		{D4A1F767-CCDA-428D-98CA-482E9E70B6E8}.Debug|Any CPU.ActiveCfg = Debug|Any CPU
		{D4A1F767-CCDA-428D-98CA-482E9E70B6E8}.Debug|Any CPU.Build.0 = Debug|Any CPU
		{D4A1F767-CCDA-428D-98CA-482E9E70B6E8}.Release|Any CPU.ActiveCfg = Release|Any CPU
		{D4A1F767-CCDA-428D-98CA-482E9E70B6E8}.Release|Any CPU.Build.0 = Release|Any CPU
		{514D48AF-5559-46F8-980A-D25EE5248FEF}.Debug|Any CPU.ActiveCfg = Debug|Any CPU
		{514D48AF-5559-46F8-980A-D25EE5248FEF}.Debug|Any CPU.Build.0 = Debug|Any CPU
		{514D48AF-5559-46F8-980A-D25EE5248FEF}.Release|Any CPU.ActiveCfg = Release|Any CPU
		{514D48AF-5559-46F8-980A-D25EE5248FEF}.Release|Any CPU.Build.0 = Release|Any CPU
		{5AFCB626-7529-4CDE-AEE7-6813B6C3B911}.Debug|Any CPU.ActiveCfg = Debug|Any CPU
		{5AFCB626-7529-4CDE-AEE7-6813B6C3B911}.Debug|Any CPU.Build.0 = Debug|Any CPU
		{5AFCB626-7529-4CDE-AEE7-6813B6C3B911}.Release|Any CPU.ActiveCfg = Release|Any CPU
		{5AFCB626-7529-4CDE-AEE7-6813B6C3B911}.Release|Any CPU.Build.0 = Release|Any CPU
		{2DC0EC9C-69BE-4DCE-BCAC-9774B83DEFD9}.Debug|Any CPU.ActiveCfg = Debug|Any CPU
		{2DC0EC9C-69BE-4DCE-BCAC-9774B83DEFD9}.Debug|Any CPU.Build.0 = Debug|Any CPU
		{2DC0EC9C-69BE-4DCE-BCAC-9774B83DEFD9}.Release|Any CPU.ActiveCfg = Release|Any CPU
		{2DC0EC9C-69BE-4DCE-BCAC-9774B83DEFD9}.Release|Any CPU.Build.0 = Release|Any CPU
		{151B37B7-7E1C-4BC5-B530-D0A66A13A3F7}.Debug|Any CPU.ActiveCfg = Debug|Any CPU
		{151B37B7-7E1C-4BC5-B530-D0A66A13A3F7}.Debug|Any CPU.Build.0 = Debug|Any CPU
		{151B37B7-7E1C-4BC5-B530-D0A66A13A3F7}.Release|Any CPU.ActiveCfg = Release|Any CPU
		{151B37B7-7E1C-4BC5-B530-D0A66A13A3F7}.Release|Any CPU.Build.0 = Release|Any CPU
		{453E183D-9557-4A96-AD08-D2AD0DB68765}.Debug|Any CPU.ActiveCfg = Debug|Any CPU
		{453E183D-9557-4A96-AD08-D2AD0DB68765}.Debug|Any CPU.Build.0 = Debug|Any CPU
		{453E183D-9557-4A96-AD08-D2AD0DB68765}.Release|Any CPU.ActiveCfg = Release|Any CPU
		{453E183D-9557-4A96-AD08-D2AD0DB68765}.Release|Any CPU.Build.0 = Release|Any CPU
	EndGlobalSection
	GlobalSection(SolutionProperties) = preSolution
		HideSolutionNode = FALSE
	EndGlobalSection
	GlobalSection(NestedProjects) = preSolution
		{DC2ABCBB-4C52-494A-98BA-F831B4190D0E} = {CF6604EE-C02E-4F11-B668-4D6CEBF0FC57}
		{D5BD331A-6D29-4B04-969A-66F113B1C7F6} = {CF6604EE-C02E-4F11-B668-4D6CEBF0FC57}
		{AC9CFBED-E4BA-437E-820F-D0E8F9D5743C} = {439D2ECF-5BF9-406D-8E23-AE80E22CE6F6}
		{62D93216-F1FC-489E-A35B-A4DF0AC1C2BB} = {439D2ECF-5BF9-406D-8E23-AE80E22CE6F6}
		{6FD0E1D8-D208-4AFE-A60A-A21E2B4057F7} = {439D2ECF-5BF9-406D-8E23-AE80E22CE6F6}
		{5D06BFCD-D6E9-4118-8756-14DCC78F116E} = {439D2ECF-5BF9-406D-8E23-AE80E22CE6F6}
		{7E9B4E27-D563-45FE-83DE-D8F2C1F8F404} = {439D2ECF-5BF9-406D-8E23-AE80E22CE6F6}
		{97F7F85D-864C-44ED-8901-547F2F693427} = {FEAB632D-DB23-4941-BB35-2EDE5C52AE8E}
		{4A57ED3B-774D-4344-B091-3328838F57F5} = {FEAB632D-DB23-4941-BB35-2EDE5C52AE8E}
		{AF77FE39-77E8-4E6C-93D1-2B84A6BB1B62} = {FB5C1C79-FCB3-430C-95D6-3C1BC38127B0}
		{38D7AA3E-B1A2-4678-8725-E9C13B15553F} = {FB5C1C79-FCB3-430C-95D6-3C1BC38127B0}
		{2B6248B2-AF75-4687-9FAF-F9EA29D9335F} = {FB5C1C79-FCB3-430C-95D6-3C1BC38127B0}
		{6F6B09B8-01F9-48BF-85C5-AF34498FB070} = {FB5C1C79-FCB3-430C-95D6-3C1BC38127B0}
		{0413D6E3-0307-437E-AF8F-AEF6F8F92057} = {FB5C1C79-FCB3-430C-95D6-3C1BC38127B0}
		{2D4A56CB-B881-4189-B360-DB0B2AB27C9F} = {FB5C1C79-FCB3-430C-95D6-3C1BC38127B0}
		{D5D3614F-61B7-4DB2-8341-9DBE9989DAAD} = {AF77FE39-77E8-4E6C-93D1-2B84A6BB1B62}
		{ABF1031A-8524-4B4B-959C-6C493610E13C} = {AF77FE39-77E8-4E6C-93D1-2B84A6BB1B62}
		{8D165156-834D-4811-B24A-26BB0E41D982} = {AF77FE39-77E8-4E6C-93D1-2B84A6BB1B62}
		{6853FB4E-9D93-41F0-A4CD-335FE752E1D5} = {AF77FE39-77E8-4E6C-93D1-2B84A6BB1B62}
		{572A78CD-F121-4DED-9153-4C1112838FEC} = {AF77FE39-77E8-4E6C-93D1-2B84A6BB1B62}
		{43A49A1C-0367-4000-A144-FF3CDC6B198A} = {AF77FE39-77E8-4E6C-93D1-2B84A6BB1B62}
		{DC6A2B2D-22CF-4A48-8EA1-B52487BB2A60} = {415BEFDC-2C4E-41A4-A48D-FEFB9830EA56}
		{AD6D9D6E-0E3B-46B7-86E3-65A62D751448} = {415BEFDC-2C4E-41A4-A48D-FEFB9830EA56}
		{B905FCD0-2E3E-4B1D-9D01-CC4FB0962DE7} = {75E642DC-F3F0-45D0-8A9E-7F3A91BDD7CB}
		{2DC0EC9C-69BE-4DCE-BCAC-9774B83DEFD9} = {75E642DC-F3F0-45D0-8A9E-7F3A91BDD7CB}
		{151B37B7-7E1C-4BC5-B530-D0A66A13A3F7} = {75E642DC-F3F0-45D0-8A9E-7F3A91BDD7CB}
		{453E183D-9557-4A96-AD08-D2AD0DB68765} = {75E642DC-F3F0-45D0-8A9E-7F3A91BDD7CB}
		{30B3A6EC-DAB1-42FD-8C65-7C0C8EBDD223} = {B905FCD0-2E3E-4B1D-9D01-CC4FB0962DE7}
		{D4A1F767-CCDA-428D-98CA-482E9E70B6E8} = {B905FCD0-2E3E-4B1D-9D01-CC4FB0962DE7}
		{514D48AF-5559-46F8-980A-D25EE5248FEF} = {B905FCD0-2E3E-4B1D-9D01-CC4FB0962DE7}
		{5AFCB626-7529-4CDE-AEE7-6813B6C3B911} = {B905FCD0-2E3E-4B1D-9D01-CC4FB0962DE7}
	EndGlobalSection
EndGlobal
